// !$*UTF8*$!
{
	archiveVersion = 1;
	classes = {
	};
	objectVersion = 50;
	objects = {

/* Begin PBXBuildFile section */
		F214C3352363992700A423EC /* AppDelegate.swift in Sources */ = {isa = PBXBuildFile; fileRef = F214C3342363992700A423EC /* AppDelegate.swift */; };
		F214C3392363992700A423EC /* ViewController.swift in Sources */ = {isa = PBXBuildFile; fileRef = F214C3382363992700A423EC /* ViewController.swift */; };
		F214C33C2363992700A423EC /* Main.storyboard in Resources */ = {isa = PBXBuildFile; fileRef = F214C33A2363992700A423EC /* Main.storyboard */; };
		F214C33E2363992B00A423EC /* Assets.xcassets in Resources */ = {isa = PBXBuildFile; fileRef = F214C33D2363992B00A423EC /* Assets.xcassets */; };
		F214C3412363992B00A423EC /* LaunchScreen.storyboard in Resources */ = {isa = PBXBuildFile; fileRef = F214C33F2363992B00A423EC /* LaunchScreen.storyboard */; };
		F214C34923639C2100A423EC /* DevicesView.swift in Sources */ = {isa = PBXBuildFile; fileRef = F214C34823639C2100A423EC /* DevicesView.swift */; };
		F214C34B23639CC800A423EC /* DeviceTableViewCell.swift in Sources */ = {isa = PBXBuildFile; fileRef = F214C34A23639CC800A423EC /* DeviceTableViewCell.swift */; };
		F214C34D23639DD100A423EC /* NetworkAPI.swift in Sources */ = {isa = PBXBuildFile; fileRef = F214C34C23639DD100A423EC /* NetworkAPI.swift */; };
		F214C34F23639DE500A423EC /* NetworkManager.swift in Sources */ = {isa = PBXBuildFile; fileRef = F214C34E23639DE500A423EC /* NetworkManager.swift */; };
		F214C35123639E0100A423EC /* BluetoothManager.swift in Sources */ = {isa = PBXBuildFile; fileRef = F214C35023639E0100A423EC /* BluetoothManager.swift */; };
		F214C35323639E4700A423EC /* Device.swift in Sources */ = {isa = PBXBuildFile; fileRef = F214C35223639E4700A423EC /* Device.swift */; };
/* End PBXBuildFile section */

/* Begin PBXFileReference section */
		F214C3312363992700A423EC /* TestForEmployer.app */ = {isa = PBXFileReference; explicitFileType = wrapper.application; includeInIndex = 0; path = TestForEmployer.app; sourceTree = BUILT_PRODUCTS_DIR; };
		F214C3342363992700A423EC /* AppDelegate.swift */ = {isa = PBXFileReference; lastKnownFileType = sourcecode.swift; path = AppDelegate.swift; sourceTree = "<group>"; };
		F214C3382363992700A423EC /* ViewController.swift */ = {isa = PBXFileReference; lastKnownFileType = sourcecode.swift; path = ViewController.swift; sourceTree = "<group>"; };
		F214C33B2363992700A423EC /* Base */ = {isa = PBXFileReference; lastKnownFileType = file.storyboard; name = Base; path = Base.lproj/Main.storyboard; sourceTree = "<group>"; };
		F214C33D2363992B00A423EC /* Assets.xcassets */ = {isa = PBXFileReference; lastKnownFileType = folder.assetcatalog; path = Assets.xcassets; sourceTree = "<group>"; };
		F214C3402363992B00A423EC /* Base */ = {isa = PBXFileReference; lastKnownFileType = file.storyboard; name = Base; path = Base.lproj/LaunchScreen.storyboard; sourceTree = "<group>"; };
		F214C3422363992B00A423EC /* Info.plist */ = {isa = PBXFileReference; lastKnownFileType = text.plist.xml; path = Info.plist; sourceTree = "<group>"; };
		F214C34823639C2100A423EC /* DevicesView.swift */ = {isa = PBXFileReference; lastKnownFileType = sourcecode.swift; path = DevicesView.swift; sourceTree = "<group>"; };
		F214C34A23639CC800A423EC /* DeviceTableViewCell.swift */ = {isa = PBXFileReference; lastKnownFileType = sourcecode.swift; path = DeviceTableViewCell.swift; sourceTree = "<group>"; };
		F214C34C23639DD100A423EC /* NetworkAPI.swift */ = {isa = PBXFileReference; lastKnownFileType = sourcecode.swift; path = NetworkAPI.swift; sourceTree = "<group>"; };
		F214C34E23639DE500A423EC /* NetworkManager.swift */ = {isa = PBXFileReference; lastKnownFileType = sourcecode.swift; path = NetworkManager.swift; sourceTree = "<group>"; };
		F214C35023639E0100A423EC /* BluetoothManager.swift */ = {isa = PBXFileReference; lastKnownFileType = sourcecode.swift; path = BluetoothManager.swift; sourceTree = "<group>"; };
		F214C35223639E4700A423EC /* Device.swift */ = {isa = PBXFileReference; lastKnownFileType = sourcecode.swift; path = Device.swift; sourceTree = "<group>"; };
/* End PBXFileReference section */

/* Begin PBXFrameworksBuildPhase section */
		F214C32E2363992700A423EC /* Frameworks */ = {
			isa = PBXFrameworksBuildPhase;
			buildActionMask = 2147483647;
			files = (
			);
			runOnlyForDeploymentPostprocessing = 0;
		};
/* End PBXFrameworksBuildPhase section */

/* Begin PBXGroup section */
		F214C3282363992700A423EC = {
			isa = PBXGroup;
			children = (
				F214C3332363992700A423EC /* TestForEmployer */,
				F214C3322363992700A423EC /* Products */,
			);
			sourceTree = "<group>";
		};
		F214C3322363992700A423EC /* Products */ = {
			isa = PBXGroup;
			children = (
				F214C3312363992700A423EC /* TestForEmployer.app */,
			);
			name = Products;
			sourceTree = "<group>";
		};
		F214C3332363992700A423EC /* TestForEmployer */ = {
			isa = PBXGroup;
			children = (
				F214C3342363992700A423EC /* AppDelegate.swift */,
				F214C3382363992700A423EC /* ViewController.swift */,
				F214C35223639E4700A423EC /* Device.swift */,
				F214C34A23639CC800A423EC /* DeviceTableViewCell.swift */,
				F214C34823639C2100A423EC /* DevicesView.swift */,
				F214C34C23639DD100A423EC /* NetworkAPI.swift */,
				F214C34E23639DE500A423EC /* NetworkManager.swift */,
				F214C35023639E0100A423EC /* BluetoothManager.swift */,
				F214C33A2363992700A423EC /* Main.storyboard */,
				F214C33D2363992B00A423EC /* Assets.xcassets */,
				F214C33F2363992B00A423EC /* LaunchScreen.storyboard */,
				F214C3422363992B00A423EC /* Info.plist */,
			);
			path = TestForEmployer;
			sourceTree = "<group>";
		};
/* End PBXGroup section */

/* Begin PBXNativeTarget section */
		F214C3302363992700A423EC /* TestForEmployer */ = {
			isa = PBXNativeTarget;
			buildConfigurationList = F214C3452363992B00A423EC /* Build configuration list for PBXNativeTarget "TestForEmployer" */;
			buildPhases = (
				F214C32D2363992700A423EC /* Sources */,
				F214C32E2363992700A423EC /* Frameworks */,
				F214C32F2363992700A423EC /* Resources */,
			);
			buildRules = (
			);
			dependencies = (
			);
			name = TestForEmployer;
			productName = TestForEmployer;
			productReference = F214C3312363992700A423EC /* TestForEmployer.app */;
			productType = "com.apple.product-type.application";
		};
/* End PBXNativeTarget section */

/* Begin PBXProject section */
		F214C3292363992700A423EC /* Project object */ = {
			isa = PBXProject;
			attributes = {
				LastSwiftUpdateCheck = 1110;
				LastUpgradeCheck = 1110;
				ORGANIZATIONNAME = secret;
				TargetAttributes = {
					F214C3302363992700A423EC = {
						CreatedOnToolsVersion = 11.1;
					};
				};
			};
			buildConfigurationList = F214C32C2363992700A423EC /* Build configuration list for PBXProject "TestForEmployer" */;
			compatibilityVersion = "Xcode 9.3";
			developmentRegion = en;
			hasScannedForEncodings = 0;
			knownRegions = (
				en,
				Base,
			);
			mainGroup = F214C3282363992700A423EC;
			productRefGroup = F214C3322363992700A423EC /* Products */;
			projectDirPath = "";
			projectRoot = "";
			targets = (
				F214C3302363992700A423EC /* TestForEmployer */,
			);
		};
/* End PBXProject section */

/* Begin PBXResourcesBuildPhase section */
		F214C32F2363992700A423EC /* Resources */ = {
			isa = PBXResourcesBuildPhase;
			buildActionMask = 2147483647;
			files = (
				F214C3412363992B00A423EC /* LaunchScreen.storyboard in Resources */,
				F214C33E2363992B00A423EC /* Assets.xcassets in Resources */,
				F214C33C2363992700A423EC /* Main.storyboard in Resources */,
			);
			runOnlyForDeploymentPostprocessing = 0;
		};
/* End PBXResourcesBuildPhase section */

/* Begin PBXSourcesBuildPhase section */
		F214C32D2363992700A423EC /* Sources */ = {
			isa = PBXSourcesBuildPhase;
			buildActionMask = 2147483647;
			files = (
				F214C34F23639DE500A423EC /* NetworkManager.swift in Sources */,
				F214C34923639C2100A423EC /* DevicesView.swift in Sources */,
				F214C35123639E0100A423EC /* BluetoothManager.swift in Sources */,
				F214C34D23639DD100A423EC /* NetworkAPI.swift in Sources */,
				F214C3392363992700A423EC /* ViewController.swift in Sources */,
				F214C3352363992700A423EC /* AppDelegate.swift in Sources */,
				F214C34B23639CC800A423EC /* DeviceTableViewCell.swift in Sources */,
				F214C35323639E4700A423EC /* Device.swift in Sources */,
			);
			runOnlyForDeploymentPostprocessing = 0;
		};
/* End PBXSourcesBuildPhase section */

/* Begin PBXVariantGroup section */
		F214C33A2363992700A423EC /* Main.storyboard */ = {
			isa = PBXVariantGroup;
			children = (
				F214C33B2363992700A423EC /* Base */,
			);
			name = Main.storyboard;
			sourceTree = "<group>";
		};
		F214C33F2363992B00A423EC /* LaunchScreen.storyboard */ = {
			isa = PBXVariantGroup;
			children = (
				F214C3402363992B00A423EC /* Base */,
			);
			name = LaunchScreen.storyboard;
			sourceTree = "<group>";
		};
/* End PBXVariantGroup section */

/* Begin XCBuildConfiguration section */
		F214C3432363992B00A423EC /* Debug */ = {
			isa = XCBuildConfiguration;
			buildSettings = {
				ALWAYS_SEARCH_USER_PATHS = NO;
				CLANG_ANALYZER_NONNULL = YES;
				CLANG_ANALYZER_NUMBER_OBJECT_CONVERSION = YES_AGGRESSIVE;
				CLANG_CXX_LANGUAGE_STANDARD = "gnu++14";
				CLANG_CXX_LIBRARY = "libc++";
				CLANG_ENABLE_MODULES = YES;
				CLANG_ENABLE_OBJC_ARC = YES;
				CLANG_ENABLE_OBJC_WEAK = YES;
				CLANG_WARN_BLOCK_CAPTURE_AUTORELEASING = YES;
				CLANG_WARN_BOOL_CONVERSION = YES;
				CLANG_WARN_COMMA = YES;
				CLANG_WARN_CONSTANT_CONVERSION = YES;
				CLANG_WARN_DEPRECATED_OBJC_IMPLEMENTATIONS = YES;
				CLANG_WARN_DIRECT_OBJC_ISA_USAGE = YES_ERROR;
				CLANG_WARN_DOCUMENTATION_COMMENTS = YES;
				CLANG_WARN_EMPTY_BODY = YES;
				CLANG_WARN_ENUM_CONVERSION = YES;
				CLANG_WARN_INFINITE_RECURSION = YES;
				CLANG_WARN_INT_CONVERSION = YES;
				CLANG_WARN_NON_LITERAL_NULL_CONVERSION = YES;
				CLANG_WARN_OBJC_IMPLICIT_RETAIN_SELF = YES;
				CLANG_WARN_OBJC_LITERAL_CONVERSION = YES;
				CLANG_WARN_OBJC_ROOT_CLASS = YES_ERROR;
				CLANG_WARN_RANGE_LOOP_ANALYSIS = YES;
				CLANG_WARN_STRICT_PROTOTYPES = YES;
				CLANG_WARN_SUSPICIOUS_MOVE = YES;
				CLANG_WARN_UNGUARDED_AVAILABILITY = YES_AGGRESSIVE;
				CLANG_WARN_UNREACHABLE_CODE = YES;
				CLANG_WARN__DUPLICATE_METHOD_MATCH = YES;
				COPY_PHASE_STRIP = NO;
				DEBUG_INFORMATION_FORMAT = dwarf;
				ENABLE_STRICT_OBJC_MSGSEND = YES;
				ENABLE_TESTABILITY = YES;
				GCC_C_LANGUAGE_STANDARD = gnu11;
				GCC_DYNAMIC_NO_PIC = NO;
				GCC_NO_COMMON_BLOCKS = YES;
				GCC_OPTIMIZATION_LEVEL = 0;
				GCC_PREPROCESSOR_DEFINITIONS = (
					"DEBUG=1",
					"$(inherited)",
				);
				GCC_WARN_64_TO_32_BIT_CONVERSION = YES;
				GCC_WARN_ABOUT_RETURN_TYPE = YES_ERROR;
				GCC_WARN_UNDECLARED_SELECTOR = YES;
				GCC_WARN_UNINITIALIZED_AUTOS = YES_AGGRESSIVE;
				GCC_WARN_UNUSED_FUNCTION = YES;
				GCC_WARN_UNUSED_VARIABLE = YES;
				IPHONEOS_DEPLOYMENT_TARGET = 13.1;
				MTL_ENABLE_DEBUG_INFO = INCLUDE_SOURCE;
				MTL_FAST_MATH = YES;
				ONLY_ACTIVE_ARCH = YES;
				SDKROOT = iphoneos;
				SWIFT_ACTIVE_COMPILATION_CONDITIONS = DEBUG;
				SWIFT_OPTIMIZATION_LEVEL = "-Onone";
			};
			name = Debug;
		};
		F214C3442363992B00A423EC /* Release */ = {
			isa = XCBuildConfiguration;
			buildSettings = {
				ALWAYS_SEARCH_USER_PATHS = NO;
				CLANG_ANALYZER_NONNULL = YES;
				CLANG_ANALYZER_NUMBER_OBJECT_CONVERSION = YES_AGGRESSIVE;
				CLANG_CXX_LANGUAGE_STANDARD = "gnu++14";
				CLANG_CXX_LIBRARY = "libc++";
				CLANG_ENABLE_MODULES = YES;
				CLANG_ENABLE_OBJC_ARC = YES;
				CLANG_ENABLE_OBJC_WEAK = YES;
				CLANG_WARN_BLOCK_CAPTURE_AUTORELEASING = YES;
				CLANG_WARN_BOOL_CONVERSION = YES;
				CLANG_WARN_COMMA = YES;
				CLANG_WARN_CONSTANT_CONVERSION = YES;
				CLANG_WARN_DEPRECATED_OBJC_IMPLEMENTATIONS = YES;
				CLANG_WARN_DIRECT_OBJC_ISA_USAGE = YES_ERROR;
				CLANG_WARN_DOCUMENTATION_COMMENTS = YES;
				CLANG_WARN_EMPTY_BODY = YES;
				CLANG_WARN_ENUM_CONVERSION = YES;
				CLANG_WARN_INFINITE_RECURSION = YES;
				CLANG_WARN_INT_CONVERSION = YES;
				CLANG_WARN_NON_LITERAL_NULL_CONVERSION = YES;
				CLANG_WARN_OBJC_IMPLICIT_RETAIN_SELF = YES;
				CLANG_WARN_OBJC_LITERAL_CONVERSION = YES;
				CLANG_WARN_OBJC_ROOT_CLASS = YES_ERROR;
				CLANG_WARN_RANGE_LOOP_ANALYSIS = YES;
				CLANG_WARN_STRICT_PROTOTYPES = YES;
				CLANG_WARN_SUSPICIOUS_MOVE = YES;
				CLANG_WARN_UNGUARDED_AVAILABILITY = YES_AGGRESSIVE;
				CLANG_WARN_UNREACHABLE_CODE = YES;
				CLANG_WARN__DUPLICATE_METHOD_MATCH = YES;
				COPY_PHASE_STRIP = NO;
				DEBUG_INFORMATION_FORMAT = "dwarf-with-dsym";
				ENABLE_NS_ASSERTIONS = NO;
				ENABLE_STRICT_OBJC_MSGSEND = YES;
				GCC_C_LANGUAGE_STANDARD = gnu11;
				GCC_NO_COMMON_BLOCKS = YES;
				GCC_WARN_64_TO_32_BIT_CONVERSION = YES;
				GCC_WARN_ABOUT_RETURN_TYPE = YES_ERROR;
				GCC_WARN_UNDECLARED_SELECTOR = YES;
				GCC_WARN_UNINITIALIZED_AUTOS = YES_AGGRESSIVE;
				GCC_WARN_UNUSED_FUNCTION = YES;
				GCC_WARN_UNUSED_VARIABLE = YES;
				IPHONEOS_DEPLOYMENT_TARGET = 13.1;
				MTL_ENABLE_DEBUG_INFO = NO;
				MTL_FAST_MATH = YES;
				SDKROOT = iphoneos;
				SWIFT_COMPILATION_MODE = wholemodule;
				SWIFT_OPTIMIZATION_LEVEL = "-O";
				VALIDATE_PRODUCT = YES;
			};
			name = Release;
		};
		F214C3462363992B00A423EC /* Debug */ = {
			isa = XCBuildConfiguration;
			buildSettings = {
				ASSETCATALOG_COMPILER_APPICON_NAME = AppIcon;
				CODE_SIGN_STYLE = Automatic;
				DEVELOPMENT_TEAM = 939KD425D9;
				INFOPLIST_FILE = TestForEmployer/Info.plist;
				IPHONEOS_DEPLOYMENT_TARGET = 11.0;
				LD_RUNPATH_SEARCH_PATHS = (
					"$(inherited)",
					"@executable_path/Frameworks",
				);
				PRODUCT_BUNDLE_IDENTIFIER = com.secret.TestForEmployer;
				PRODUCT_NAME = "$(TARGET_NAME)";
				SWIFT_VERSION = 5.0;
				TARGETED_DEVICE_FAMILY = 1;
			};
			name = Debug;
		};
		F214C3472363992B00A423EC /* Release */ = {
			isa = XCBuildConfiguration;
			buildSettings = {
				ASSETCATALOG_COMPILER_APPICON_NAME = AppIcon;
				CODE_SIGN_STYLE = Automatic;
				DEVELOPMENT_TEAM = 939KD425D9;
				INFOPLIST_FILE = TestForEmployer/Info.plist;
				IPHONEOS_DEPLOYMENT_TARGET = 11.0;
				LD_RUNPATH_SEARCH_PATHS = (
					"$(inherited)",
					"@executable_path/Frameworks",
				);
				PRODUCT_BUNDLE_IDENTIFIER = com.secret.TestForEmployer;
				PRODUCT_NAME = "$(TARGET_NAME)";
				SWIFT_VERSION = 5.0;
				TARGETED_DEVICE_FAMILY = 1;
			};
			name = Release;
		};
/* End XCBuildConfiguration section */

/* Begin XCConfigurationList section */
		F214C32C2363992700A423EC /* Build configuration list for PBXProject "TestForEmployer" */ = {
			isa = XCConfigurationList;
			buildConfigurations = (
				F214C3432363992B00A423EC /* Debug */,
				F214C3442363992B00A423EC /* Release */,
			);
			defaultConfigurationIsVisible = 0;
			defaultConfigurationName = Release;
		};
		F214C3452363992B00A423EC /* Build configuration list for PBXNativeTarget "TestForEmployer" */ = {
			isa = XCConfigurationList;
			buildConfigurations = (
				F214C3462363992B00A423EC /* Debug */,
				F214C3472363992B00A423EC /* Release */,
			);
			defaultConfigurationIsVisible = 0;
			defaultConfigurationName = Release;
		};
/* End XCConfigurationList section */
	};
	rootObject = F214C3292363992700A423EC /* Project object */;
}
